{
  "originHash" : "d59e09a8199b37d3d5a58522f728dec08e73dbe61a82a172d7e664c8318d995d",
  "pins" : [
    {
      "identity" : "codescanner",
      "kind" : "remoteSourceControl",
      "location" : "https://github.com/twostraws/CodeScanner",
      "state" : {
        "revision" : "9fa582f4b36c69c2a55bff5fb3377eb170ae273c",
        "version" : "2.5.1"
      }
    }
  ],
  "version" : 3
}
