{
  "originHash" : "d59e09a8199b37d3d5a58522f728dec08e73dbe61a82a172d7e664c8318d995d",
  "pins" : [
    {
      "identity" : "codescanner",
      "kind" : "remoteSourceControl",
      "location" : "https://github.com/twostraws/CodeScanner",
      "state" : {
        "revision" : "34da57fb63b47add20de8a85da58191523ccce57",
        "version" : "2.5.0"
      }
    }
  ],
  "version" : 3
}
